
Microsoft Visual Studio Solution File, Format Version 12.00
# Visual Studio Version 17
VisualStudioVersion = 17.2.32630.192
MinimumVisualStudioVersion = 10.0.40219.1
Project("{FAE04EC0-301F-11D3-BF4B-00C04F79EFBC}") = "ClockScreenSaverGL", "ClockScreenSaverGL.csproj", "{EE2C855D-D170-4D51-8F40-4329E2B61780}"
EndProject
Project("{FAE04EC0-301F-11D3-BF4B-00C04F79EFBC}") = "Configuration", "..\Configuration\Configuration.csproj", "{BFE7AC3C-F44E-4BDF-A0C6-70DCE1B001C5}"
EndProject
Project("{FAE04EC0-301F-11D3-BF4B-00C04F79EFBC}") = "ExtraitDonneesInternet", "..\ExtraitDonneesInternet\ExtraitDonneesInternet.csproj", "{DCCE70EA-A0FE-4EFD-8D76-DCCE31851D89}"
EndProject
Project("{FAE04EC0-301F-11D3-BF4B-00C04F79EFBC}") = "XPath Editor", "..\Collection de films\XPath Editor\XPath Editor.csproj", "{91144B2F-4032-43F0-954A-701A33DC76C9}"
EndProject
Project("{2150E333-8FDC-42A3-9474-1A3956D46DE8}") = "Solution Items", "Solution Items", "{E92C8F2A-266E-44F2-BCCF-858AF4FF1127}"
	ProjectSection(SolutionItems) = preProject
		.editorconfig = .editorconfig
	EndProjectSection
EndProject
Global
	GlobalSection(SolutionConfigurationPlatforms) = preSolution
		Debug|Any CPU = Debug|Any CPU
		Debug|x64 = Debug|x64
		Release|Any CPU = Release|Any CPU
		Release|x64 = Release|x64
	EndGlobalSection
	GlobalSection(ProjectConfigurationPlatforms) = postSolution
		{EE2C855D-D170-4D51-8F40-4329E2B61780}.Debug|Any CPU.ActiveCfg = Debug|Any CPU
		{EE2C855D-D170-4D51-8F40-4329E2B61780}.Debug|Any CPU.Build.0 = Debug|Any CPU
		{EE2C855D-D170-4D51-8F40-4329E2B61780}.Debug|x64.ActiveCfg = Debug|x64
		{EE2C855D-D170-4D51-8F40-4329E2B61780}.Debug|x64.Build.0 = Debug|x64
		{EE2C855D-D170-4D51-8F40-4329E2B61780}.Release|Any CPU.ActiveCfg = Release|Any CPU
		{EE2C855D-D170-4D51-8F40-4329E2B61780}.Release|Any CPU.Build.0 = Release|Any CPU
		{EE2C855D-D170-4D51-8F40-4329E2B61780}.Release|x64.ActiveCfg = Release|Any CPU
		{EE2C855D-D170-4D51-8F40-4329E2B61780}.Release|x64.Build.0 = Release|Any CPU
		{BFE7AC3C-F44E-4BDF-A0C6-70DCE1B001C5}.Debug|Any CPU.ActiveCfg = Debug|Any CPU
		{BFE7AC3C-F44E-4BDF-A0C6-70DCE1B001C5}.Debug|Any CPU.Build.0 = Debug|Any CPU
		{BFE7AC3C-F44E-4BDF-A0C6-70DCE1B001C5}.Debug|x64.ActiveCfg = Debug|Any CPU
		{BFE7AC3C-F44E-4BDF-A0C6-70DCE1B001C5}.Debug|x64.Build.0 = Debug|Any CPU
		{BFE7AC3C-F44E-4BDF-A0C6-70DCE1B001C5}.Release|Any CPU.ActiveCfg = Release|Any CPU
		{BFE7AC3C-F44E-4BDF-A0C6-70DCE1B001C5}.Release|Any CPU.Build.0 = Release|Any CPU
		{BFE7AC3C-F44E-4BDF-A0C6-70DCE1B001C5}.Release|x64.ActiveCfg = Release|Any CPU
		{BFE7AC3C-F44E-4BDF-A0C6-70DCE1B001C5}.Release|x64.Build.0 = Release|Any CPU
		{DCCE70EA-A0FE-4EFD-8D76-DCCE31851D89}.Debug|Any CPU.ActiveCfg = Debug|Any CPU
		{DCCE70EA-A0FE-4EFD-8D76-DCCE31851D89}.Debug|Any CPU.Build.0 = Debug|Any CPU
		{DCCE70EA-A0FE-4EFD-8D76-DCCE31851D89}.Debug|x64.ActiveCfg = Debug|Any CPU
		{DCCE70EA-A0FE-4EFD-8D76-DCCE31851D89}.Debug|x64.Build.0 = Debug|Any CPU
		{DCCE70EA-A0FE-4EFD-8D76-DCCE31851D89}.Release|Any CPU.ActiveCfg = Release|Any CPU
		{DCCE70EA-A0FE-4EFD-8D76-DCCE31851D89}.Release|Any CPU.Build.0 = Release|Any CPU
		{DCCE70EA-A0FE-4EFD-8D76-DCCE31851D89}.Release|x64.ActiveCfg = Release|Any CPU
		{DCCE70EA-A0FE-4EFD-8D76-DCCE31851D89}.Release|x64.Build.0 = Release|Any CPU
		{91144B2F-4032-43F0-954A-701A33DC76C9}.Debug|Any CPU.ActiveCfg = Debug|Any CPU
		{91144B2F-4032-43F0-954A-701A33DC76C9}.Debug|Any CPU.Build.0 = Debug|Any CPU
		{91144B2F-4032-43F0-954A-701A33DC76C9}.Debug|x64.ActiveCfg = Debug|Any CPU
		{91144B2F-4032-43F0-954A-701A33DC76C9}.Debug|x64.Build.0 = Debug|Any CPU
		{91144B2F-4032-43F0-954A-701A33DC76C9}.Release|Any CPU.ActiveCfg = Release|Any CPU
		{91144B2F-4032-43F0-954A-701A33DC76C9}.Release|Any CPU.Build.0 = Release|Any CPU
		{91144B2F-4032-43F0-954A-701A33DC76C9}.Release|x64.ActiveCfg = Release|Any CPU
		{91144B2F-4032-43F0-954A-701A33DC76C9}.Release|x64.Build.0 = Release|Any CPU
	EndGlobalSection
	GlobalSection(SolutionProperties) = preSolution
		HideSolutionNode = FALSE
	EndGlobalSection
	GlobalSection(ExtensibilityGlobals) = postSolution
		SolutionGuid = {1AD3C748-A6DA-4114-B6F0-E872268E60F9}
	EndGlobalSection
EndGlobal
